// !$*UTF8*$!
{
	archiveVersion = 1;
	classes = {
	};
	objectVersion = 46;
	objects = {

/* Begin PBXBuildFile section */
		84F6432422E4C09F00FBDECC /* AppDelegate.swift in Sources */ = {isa = PBXBuildFile; fileRef = 84F6432322E4C09F00FBDECC /* AppDelegate.swift */; };
		84F6432622E4C09F00FBDECC /* ViewController.swift in Sources */ = {isa = PBXBuildFile; fileRef = 84F6432522E4C09F00FBDECC /* ViewController.swift */; };
		84F6432922E4C09F00FBDECC /* Main.storyboard in Resources */ = {isa = PBXBuildFile; fileRef = 84F6432722E4C09F00FBDECC /* Main.storyboard */; };
		84F6432B22E4C09F00FBDECC /* Assets.xcassets in Resources */ = {isa = PBXBuildFile; fileRef = 84F6432A22E4C09F00FBDECC /* Assets.xcassets */; };
		84F6432E22E4C09F00FBDECC /* LaunchScreen.storyboard in Resources */ = {isa = PBXBuildFile; fileRef = 84F6432C22E4C09F00FBDECC /* LaunchScreen.storyboard */; };
		84F6433922E4C09F00FBDECC /* Learn_IslamTests.swift in Sources */ = {isa = PBXBuildFile; fileRef = 84F6433822E4C09F00FBDECC /* Learn_IslamTests.swift */; };
		84F6434422E4C09F00FBDECC /* Learn_IslamUITests.swift in Sources */ = {isa = PBXBuildFile; fileRef = 84F6434322E4C09F00FBDECC /* Learn_IslamUITests.swift */; };
/* End PBXBuildFile section */

/* Begin PBXContainerItemProxy section */
		84F6433522E4C09F00FBDECC /* PBXContainerItemProxy */ = {
			isa = PBXContainerItemProxy;
			containerPortal = 84F6431822E4C09F00FBDECC /* Project object */;
			proxyType = 1;
			remoteGlobalIDString = 84F6431F22E4C09F00FBDECC;
			remoteInfo = "Learn Islam";
		};
		84F6434022E4C09F00FBDECC /* PBXContainerItemProxy */ = {
			isa = PBXContainerItemProxy;
			containerPortal = 84F6431822E4C09F00FBDECC /* Project object */;
			proxyType = 1;
			remoteGlobalIDString = 84F6431F22E4C09F00FBDECC;
			remoteInfo = "Learn Islam";
		};
/* End PBXContainerItemProxy section */

/* Begin PBXFileReference section */
		84F6432022E4C09F00FBDECC /* Learn Islam.app */ = {isa = PBXFileReference; explicitFileType = wrapper.application; includeInIndex = 0; path = "Learn Islam.app"; sourceTree = BUILT_PRODUCTS_DIR; };
		84F6432322E4C09F00FBDECC /* AppDelegate.swift */ = {isa = PBXFileReference; lastKnownFileType = sourcecode.swift; path = AppDelegate.swift; sourceTree = "<group>"; };
		84F6432522E4C09F00FBDECC /* ViewController.swift */ = {isa = PBXFileReference; lastKnownFileType = sourcecode.swift; path = ViewController.swift; sourceTree = "<group>"; };
		84F6432822E4C09F00FBDECC /* Base */ = {isa = PBXFileReference; lastKnownFileType = file.storyboard; name = Base; path = Base.lproj/Main.storyboard; sourceTree = "<group>"; };
		84F6432A22E4C09F00FBDECC /* Assets.xcassets */ = {isa = PBXFileReference; lastKnownFileType = folder.assetcatalog; path = Assets.xcassets; sourceTree = "<group>"; };
		84F6432D22E4C09F00FBDECC /* Base */ = {isa = PBXFileReference; lastKnownFileType = file.storyboard; name = Base; path = Base.lproj/LaunchScreen.storyboard; sourceTree = "<group>"; };
		84F6432F22E4C09F00FBDECC /* Info.plist */ = {isa = PBXFileReference; lastKnownFileType = text.plist.xml; path = Info.plist; sourceTree = "<group>"; };
		84F6433422E4C09F00FBDECC /* Learn IslamTests.xctest */ = {isa = PBXFileReference; explicitFileType = wrapper.cfbundle; includeInIndex = 0; path = "Learn IslamTests.xctest"; sourceTree = BUILT_PRODUCTS_DIR; };
		84F6433822E4C09F00FBDECC /* Learn_IslamTests.swift */ = {isa = PBXFileReference; lastKnownFileType = sourcecode.swift; path = Learn_IslamTests.swift; sourceTree = "<group>"; };
		84F6433A22E4C09F00FBDECC /* Info.plist */ = {isa = PBXFileReference; lastKnownFileType = text.plist.xml; path = Info.plist; sourceTree = "<group>"; };
		84F6433F22E4C09F00FBDECC /* Learn IslamUITests.xctest */ = {isa = PBXFileReference; explicitFileType = wrapper.cfbundle; includeInIndex = 0; path = "Learn IslamUITests.xctest"; sourceTree = BUILT_PRODUCTS_DIR; };
		84F6434322E4C09F00FBDECC /* Learn_IslamUITests.swift */ = {isa = PBXFileReference; lastKnownFileType = sourcecode.swift; path = Learn_IslamUITests.swift; sourceTree = "<group>"; };
		84F6434522E4C09F00FBDECC /* Info.plist */ = {isa = PBXFileReference; lastKnownFileType = text.plist.xml; path = Info.plist; sourceTree = "<group>"; };
/* End PBXFileReference section */

/* Begin PBXFrameworksBuildPhase section */
		84F6431D22E4C09F00FBDECC /* Frameworks */ = {
			isa = PBXFrameworksBuildPhase;
			buildActionMask = 2147483647;
			files = (
			);
			runOnlyForDeploymentPostprocessing = 0;
		};
		84F6433122E4C09F00FBDECC /* Frameworks */ = {
			isa = PBXFrameworksBuildPhase;
			buildActionMask = 2147483647;
			files = (
			);
			runOnlyForDeploymentPostprocessing = 0;
		};
		84F6433C22E4C09F00FBDECC /* Frameworks */ = {
			isa = PBXFrameworksBuildPhase;
			buildActionMask = 2147483647;
			files = (
			);
			runOnlyForDeploymentPostprocessing = 0;
		};
/* End PBXFrameworksBuildPhase section */

/* Begin PBXGroup section */
		84F6431722E4C09E00FBDECC = {
			isa = PBXGroup;
			children = (
				84F6432222E4C09F00FBDECC /* Learn Islam */,
				84F6433722E4C09F00FBDECC /* Learn IslamTests */,
				84F6434222E4C09F00FBDECC /* Learn IslamUITests */,
				84F6432122E4C09F00FBDECC /* Products */,
			);
			sourceTree = "<group>";
		};
		84F6432122E4C09F00FBDECC /* Products */ = {
			isa = PBXGroup;
			children = (
				84F6432022E4C09F00FBDECC /* Learn Islam.app */,
				84F6433422E4C09F00FBDECC /* Learn IslamTests.xctest */,
				84F6433F22E4C09F00FBDECC /* Learn IslamUITests.xctest */,
			);
			name = Products;
			sourceTree = "<group>";
		};
		84F6432222E4C09F00FBDECC /* Learn Islam */ = {
			isa = PBXGroup;
			children = (
				84F6432322E4C09F00FBDECC /* AppDelegate.swift */,
				84F6432522E4C09F00FBDECC /* ViewController.swift */,
				84F6432722E4C09F00FBDECC /* Main.storyboard */,
				84F6432A22E4C09F00FBDECC /* Assets.xcassets */,
				84F6432C22E4C09F00FBDECC /* LaunchScreen.storyboard */,
				84F6432F22E4C09F00FBDECC /* Info.plist */,
			);
			path = "Learn Islam";
			sourceTree = "<group>";
		};
		84F6433722E4C09F00FBDECC /* Learn IslamTests */ = {
			isa = PBXGroup;
			children = (
				84F6433822E4C09F00FBDECC /* Learn_IslamTests.swift */,
				84F6433A22E4C09F00FBDECC /* Info.plist */,
			);
			path = "Learn IslamTests";
			sourceTree = "<group>";
		};
		84F6434222E4C09F00FBDECC /* Learn IslamUITests */ = {
			isa = PBXGroup;
			children = (
				84F6434322E4C09F00FBDECC /* Learn_IslamUITests.swift */,
				84F6434522E4C09F00FBDECC /* Info.plist */,
			);
			path = "Learn IslamUITests";
			sourceTree = "<group>";
		};
/* End PBXGroup section */

/* Begin PBXNativeTarget section */
		84F6431F22E4C09F00FBDECC /* Learn Islam */ = {
			isa = PBXNativeTarget;
			buildConfigurationList = 84F6434822E4C09F00FBDECC /* Build configuration list for PBXNativeTarget "Learn Islam" */;
			buildPhases = (
				84F6431C22E4C09F00FBDECC /* Sources */,
				84F6431D22E4C09F00FBDECC /* Frameworks */,
				84F6431E22E4C09F00FBDECC /* Resources */,
			);
			buildRules = (
			);
			dependencies = (
			);
			name = "Learn Islam";
			productName = "Learn Islam";
			productReference = 84F6432022E4C09F00FBDECC /* Learn Islam.app */;
			productType = "com.apple.product-type.application";
		};
		84F6433322E4C09F00FBDECC /* Learn IslamTests */ = {
			isa = PBXNativeTarget;
			buildConfigurationList = 84F6434B22E4C09F00FBDECC /* Build configuration list for PBXNativeTarget "Learn IslamTests" */;
			buildPhases = (
				84F6433022E4C09F00FBDECC /* Sources */,
				84F6433122E4C09F00FBDECC /* Frameworks */,
				84F6433222E4C09F00FBDECC /* Resources */,
			);
			buildRules = (
			);
			dependencies = (
				84F6433622E4C09F00FBDECC /* PBXTargetDependency */,
			);
			name = "Learn IslamTests";
			productName = "Learn IslamTests";
			productReference = 84F6433422E4C09F00FBDECC /* Learn IslamTests.xctest */;
			productType = "com.apple.product-type.bundle.unit-test";
		};
		84F6433E22E4C09F00FBDECC /* Learn IslamUITests */ = {
			isa = PBXNativeTarget;
			buildConfigurationList = 84F6434E22E4C09F00FBDECC /* Build configuration list for PBXNativeTarget "Learn IslamUITests" */;
			buildPhases = (
				84F6433B22E4C09F00FBDECC /* Sources */,
				84F6433C22E4C09F00FBDECC /* Frameworks */,
				84F6433D22E4C09F00FBDECC /* Resources */,
			);
			buildRules = (
			);
			dependencies = (
				84F6434122E4C09F00FBDECC /* PBXTargetDependency */,
			);
			name = "Learn IslamUITests";
			productName = "Learn IslamUITests";
			productReference = 84F6433F22E4C09F00FBDECC /* Learn IslamUITests.xctest */;
			productType = "com.apple.product-type.bundle.ui-testing";
		};
/* End PBXNativeTarget section */

/* Begin PBXProject section */
		84F6431822E4C09F00FBDECC /* Project object */ = {
			isa = PBXProject;
			attributes = {
				LastSwiftUpdateCheck = 0830;
				LastUpgradeCheck = 0830;
				ORGANIZATIONNAME = Ahlsunnah;
				TargetAttributes = {
					84F6431F22E4C09F00FBDECC = {
						CreatedOnToolsVersion = 8.3.3;
						DevelopmentTeam = H9368YM6X9;
						ProvisioningStyle = Automatic;
					};
					84F6433322E4C09F00FBDECC = {
						CreatedOnToolsVersion = 8.3.3;
						ProvisioningStyle = Automatic;
						TestTargetID = 84F6431F22E4C09F00FBDECC;
					};
					84F6433E22E4C09F00FBDECC = {
						CreatedOnToolsVersion = 8.3.3;
						ProvisioningStyle = Automatic;
						TestTargetID = 84F6431F22E4C09F00FBDECC;
					};
				};
			};
			buildConfigurationList = 84F6431B22E4C09F00FBDECC /* Build configuration list for PBXProject "Learn Islam" */;
			compatibilityVersion = "Xcode 3.2";
			developmentRegion = English;
			hasScannedForEncodings = 0;
			knownRegions = (
				en,
				Base,
			);
			mainGroup = 84F6431722E4C09E00FBDECC;
			productRefGroup = 84F6432122E4C09F00FBDECC /* Products */;
			projectDirPath = "";
			projectRoot = "";
			targets = (
				84F6431F22E4C09F00FBDECC /* Learn Islam */,
				84F6433322E4C09F00FBDECC /* Learn IslamTests */,
				84F6433E22E4C09F00FBDECC /* Learn IslamUITests */,
			);
		};
/* End PBXProject section */

/* Begin PBXResourcesBuildPhase section */
		84F6431E22E4C09F00FBDECC /* Resources */ = {
			isa = PBXResourcesBuildPhase;
			buildActionMask = 2147483647;
			files = (
				84F6432E22E4C09F00FBDECC /* LaunchScreen.storyboard in Resources */,
				84F6432B22E4C09F00FBDECC /* Assets.xcassets in Resources */,
				84F6432922E4C09F00FBDECC /* Main.storyboard in Resources */,
			);
			runOnlyForDeploymentPostprocessing = 0;
		};
		84F6433222E4C09F00FBDECC /* Resources */ = {
			isa = PBXResourcesBuildPhase;
			buildActionMask = 2147483647;
			files = (
			);
			runOnlyForDeploymentPostprocessing = 0;
		};
		84F6433D22E4C09F00FBDECC /* Resources */ = {
			isa = PBXResourcesBuildPhase;
			buildActionMask = 2147483647;
			files = (
			);
			runOnlyForDeploymentPostprocessing = 0;
		};
/* End PBXResourcesBuildPhase section */

/* Begin PBXSourcesBuildPhase section */
		84F6431C22E4C09F00FBDECC /* Sources */ = {
			isa = PBXSourcesBuildPhase;
			buildActionMask = 2147483647;
			files = (
				84F6432622E4C09F00FBDECC /* ViewController.swift in Sources */,
				84F6432422E4C09F00FBDECC /* AppDelegate.swift in Sources */,
			);
			runOnlyForDeploymentPostprocessing = 0;
		};
		84F6433022E4C09F00FBDECC /* Sources */ = {
			isa = PBXSourcesBuildPhase;
			buildActionMask = 2147483647;
			files = (
				84F6433922E4C09F00FBDECC /* Learn_IslamTests.swift in Sources */,
			);
			runOnlyForDeploymentPostprocessing = 0;
		};
		84F6433B22E4C09F00FBDECC /* Sources */ = {
			isa = PBXSourcesBuildPhase;
			buildActionMask = 2147483647;
			files = (
				84F6434422E4C09F00FBDECC /* Learn_IslamUITests.swift in Sources */,
			);
			runOnlyForDeploymentPostprocessing = 0;
		};
/* End PBXSourcesBuildPhase section */

/* Begin PBXTargetDependency section */
		84F6433622E4C09F00FBDECC /* PBXTargetDependency */ = {
			isa = PBXTargetDependency;
			target = 84F6431F22E4C09F00FBDECC /* Learn Islam */;
			targetProxy = 84F6433522E4C09F00FBDECC /* PBXContainerItemProxy */;
		};
		84F6434122E4C09F00FBDECC /* PBXTargetDependency */ = {
			isa = PBXTargetDependency;
			target = 84F6431F22E4C09F00FBDECC /* Learn Islam */;
			targetProxy = 84F6434022E4C09F00FBDECC /* PBXContainerItemProxy */;
		};
/* End PBXTargetDependency section */

/* Begin PBXVariantGroup section */
		84F6432722E4C09F00FBDECC /* Main.storyboard */ = {
			isa = PBXVariantGroup;
			children = (
				84F6432822E4C09F00FBDECC /* Base */,
			);
			name = Main.storyboard;
			sourceTree = "<group>";
		};
		84F6432C22E4C09F00FBDECC /* LaunchScreen.storyboard */ = {
			isa = PBXVariantGroup;
			children = (
				84F6432D22E4C09F00FBDECC /* Base */,
			);
			name = LaunchScreen.storyboard;
			sourceTree = "<group>";
		};
/* End PBXVariantGroup section */

/* Begin XCBuildConfiguration section */
		84F6434622E4C09F00FBDECC /* Debug */ = {
			isa = XCBuildConfiguration;
			buildSettings = {
				ALWAYS_SEARCH_USER_PATHS = NO;
				CLANG_ANALYZER_NONNULL = YES;
				CLANG_ANALYZER_NUMBER_OBJECT_CONVERSION = YES_AGGRESSIVE;
				CLANG_CXX_LANGUAGE_STANDARD = "gnu++0x";
				CLANG_CXX_LIBRARY = "libc++";
				CLANG_ENABLE_MODULES = YES;
				CLANG_ENABLE_OBJC_ARC = YES;
				CLANG_WARN_BOOL_CONVERSION = YES;
				CLANG_WARN_CONSTANT_CONVERSION = YES;
				CLANG_WARN_DIRECT_OBJC_ISA_USAGE = YES_ERROR;
				CLANG_WARN_DOCUMENTATION_COMMENTS = YES;
				CLANG_WARN_EMPTY_BODY = YES;
				CLANG_WARN_ENUM_CONVERSION = YES;
				CLANG_WARN_INFINITE_RECURSION = YES;
				CLANG_WARN_INT_CONVERSION = YES;
				CLANG_WARN_OBJC_ROOT_CLASS = YES_ERROR;
				CLANG_WARN_SUSPICIOUS_MOVE = YES;
				CLANG_WARN_UNREACHABLE_CODE = YES;
				CLANG_WARN__DUPLICATE_METHOD_MATCH = YES;
				"CODE_SIGN_IDENTITY[sdk=iphoneos*]" = "iPhone Developer";
				COPY_PHASE_STRIP = NO;
				DEBUG_INFORMATION_FORMAT = dwarf;
				ENABLE_STRICT_OBJC_MSGSEND = YES;
				ENABLE_TESTABILITY = YES;
				GCC_C_LANGUAGE_STANDARD = gnu99;
				GCC_DYNAMIC_NO_PIC = NO;
				GCC_NO_COMMON_BLOCKS = YES;
				GCC_OPTIMIZATION_LEVEL = 0;
				GCC_PREPROCESSOR_DEFINITIONS = (
					"DEBUG=1",
					"$(inherited)",
				);
				GCC_WARN_64_TO_32_BIT_CONVERSION = YES;
				GCC_WARN_ABOUT_RETURN_TYPE = YES_ERROR;
				GCC_WARN_UNDECLARED_SELECTOR = YES;
				GCC_WARN_UNINITIALIZED_AUTOS = YES_AGGRESSIVE;
				GCC_WARN_UNUSED_FUNCTION = YES;
				GCC_WARN_UNUSED_VARIABLE = YES;
				IPHONEOS_DEPLOYMENT_TARGET = 10.3;
				MTL_ENABLE_DEBUG_INFO = YES;
				ONLY_ACTIVE_ARCH = YES;
				SDKROOT = iphoneos;
				SWIFT_ACTIVE_COMPILATION_CONDITIONS = DEBUG;
				SWIFT_OPTIMIZATION_LEVEL = "-Onone";
				TARGETED_DEVICE_FAMILY = "1,2";
			};
			name = Debug;
		};
		84F6434722E4C09F00FBDECC /* Release */ = {
			isa = XCBuildConfiguration;
			buildSettings = {
				ALWAYS_SEARCH_USER_PATHS = NO;
				CLANG_ANALYZER_NONNULL = YES;
				CLANG_ANALYZER_NUMBER_OBJECT_CONVERSION = YES_AGGRESSIVE;
				CLANG_CXX_LANGUAGE_STANDARD = "gnu++0x";
				CLANG_CXX_LIBRARY = "libc++";
				CLANG_ENABLE_MODULES = YES;
				CLANG_ENABLE_OBJC_ARC = YES;
				CLANG_WARN_BOOL_CONVERSION = YES;
				CLANG_WARN_CONSTANT_CONVERSION = YES;
				CLANG_WARN_DIRECT_OBJC_ISA_USAGE = YES_ERROR;
				CLANG_WARN_DOCUMENTATION_COMMENTS = YES;
				CLANG_WARN_EMPTY_BODY = YES;
				CLANG_WARN_ENUM_CONVERSION = YES;
				CLANG_WARN_INFINITE_RECURSION = YES;
				CLANG_WARN_INT_CONVERSION = YES;
				CLANG_WARN_OBJC_ROOT_CLASS = YES_ERROR;
				CLANG_WARN_SUSPICIOUS_MOVE = YES;
				CLANG_WARN_UNREACHABLE_CODE = YES;
				CLANG_WARN__DUPLICATE_METHOD_MATCH = YES;
				"CODE_SIGN_IDENTITY[sdk=iphoneos*]" = "iPhone Developer";
				COPY_PHASE_STRIP = NO;
				DEBUG_INFORMATION_FORMAT = "dwarf-with-dsym";
				ENABLE_NS_ASSERTIONS = NO;
				ENABLE_STRICT_OBJC_MSGSEND = YES;
				GCC_C_LANGUAGE_STANDARD = gnu99;
				GCC_NO_COMMON_BLOCKS = YES;
				GCC_WARN_64_TO_32_BIT_CONVERSION = YES;
				GCC_WARN_ABOUT_RETURN_TYPE = YES_ERROR;
				GCC_WARN_UNDECLARED_SELECTOR = YES;
				GCC_WARN_UNINITIALIZED_AUTOS = YES_AGGRESSIVE;
				GCC_WARN_UNUSED_FUNCTION = YES;
				GCC_WARN_UNUSED_VARIABLE = YES;
				IPHONEOS_DEPLOYMENT_TARGET = 10.3;
				MTL_ENABLE_DEBUG_INFO = NO;
				SDKROOT = iphoneos;
				SWIFT_OPTIMIZATION_LEVEL = "-Owholemodule";
				TARGETED_DEVICE_FAMILY = "1,2";
				VALIDATE_PRODUCT = YES;
			};
			name = Release;
		};
		84F6434922E4C09F00FBDECC /* Debug */ = {
			isa = XCBuildConfiguration;
			buildSettings = {
				ASSETCATALOG_COMPILER_APPICON_NAME = AppIcon;
				DEVELOPMENT_TEAM = H9368YM6X9;
				INFOPLIST_FILE = "Learn Islam/Info.plist";
				LD_RUNPATH_SEARCH_PATHS = "$(inherited) @executable_path/Frameworks";
				PRODUCT_BUNDLE_IDENTIFIER = "com.Learn-Islam";
				PRODUCT_NAME = "$(TARGET_NAME)";
				SWIFT_VERSION = 3.0;
			};
			name = Debug;
		};
		84F6434A22E4C09F00FBDECC /* Release */ = {
			isa = XCBuildConfiguration;
			buildSettings = {
				ASSETCATALOG_COMPILER_APPICON_NAME = AppIcon;
				DEVELOPMENT_TEAM = H9368YM6X9;
				INFOPLIST_FILE = "Learn Islam/Info.plist";
				LD_RUNPATH_SEARCH_PATHS = "$(inherited) @executable_path/Frameworks";
				PRODUCT_BUNDLE_IDENTIFIER = "com.Learn-Islam";
				PRODUCT_NAME = "$(TARGET_NAME)";
				SWIFT_VERSION = 3.0;
			};
			name = Release;
		};
		84F6434C22E4C09F00FBDECC /* Debug */ = {
			isa = XCBuildConfiguration;
			buildSettings = {
				ALWAYS_EMBED_SWIFT_STANDARD_LIBRARIES = YES;
				BUNDLE_LOADER = "$(TEST_HOST)";
				INFOPLIST_FILE = "Learn IslamTests/Info.plist";
				LD_RUNPATH_SEARCH_PATHS = "$(inherited) @executable_path/Frameworks @loader_path/Frameworks";
				PRODUCT_BUNDLE_IDENTIFIER = "com.Learn-IslamTests";
				PRODUCT_NAME = "$(TARGET_NAME)";
				SWIFT_VERSION = 3.0;
				TEST_HOST = "$(BUILT_PRODUCTS_DIR)/Learn Islam.app/Learn Islam";
			};
			name = Debug;
		};
		84F6434D22E4C09F00FBDECC /* Release */ = {
			isa = XCBuildConfiguration;
			buildSettings = {
				ALWAYS_EMBED_SWIFT_STANDARD_LIBRARIES = YES;
				BUNDLE_LOADER = "$(TEST_HOST)";
				INFOPLIST_FILE = "Learn IslamTests/Info.plist";
				LD_RUNPATH_SEARCH_PATHS = "$(inherited) @executable_path/Frameworks @loader_path/Frameworks";
				PRODUCT_BUNDLE_IDENTIFIER = "com.Learn-IslamTests";
				PRODUCT_NAME = "$(TARGET_NAME)";
				SWIFT_VERSION = 3.0;
				TEST_HOST = "$(BUILT_PRODUCTS_DIR)/Learn Islam.app/Learn Islam";
			};
			name = Release;
		};
		84F6434F22E4C09F00FBDECC /* Debug */ = {
			isa = XCBuildConfiguration;
			buildSettings = {
				ALWAYS_EMBED_SWIFT_STANDARD_LIBRARIES = YES;
				INFOPLIST_FILE = "Learn IslamUITests/Info.plist";
				LD_RUNPATH_SEARCH_PATHS = "$(inherited) @executable_path/Frameworks @loader_path/Frameworks";
				PRODUCT_BUNDLE_IDENTIFIER = "com.Learn-IslamUITests";
				PRODUCT_NAME = "$(TARGET_NAME)";
				SWIFT_VERSION = 3.0;
				TEST_TARGET_NAME = "Learn Islam";
			};
			name = Debug;
		};
		84F6435022E4C09F00FBDECC /* Release */ = {
			isa = XCBuildConfiguration;
			buildSettings = {
				ALWAYS_EMBED_SWIFT_STANDARD_LIBRARIES = YES;
				INFOPLIST_FILE = "Learn IslamUITests/Info.plist";
				LD_RUNPATH_SEARCH_PATHS = "$(inherited) @executable_path/Frameworks @loader_path/Frameworks";
				PRODUCT_BUNDLE_IDENTIFIER = "com.Learn-IslamUITests";
				PRODUCT_NAME = "$(TARGET_NAME)";
				SWIFT_VERSION = 3.0;
				TEST_TARGET_NAME = "Learn Islam";
			};
			name = Release;
		};
/* End XCBuildConfiguration section */

/* Begin XCConfigurationList section */
		84F6431B22E4C09F00FBDECC /* Build configuration list for PBXProject "Learn Islam" */ = {
			isa = XCConfigurationList;
			buildConfigurations = (
				84F6434622E4C09F00FBDECC /* Debug */,
				84F6434722E4C09F00FBDECC /* Release */,
			);
			defaultConfigurationIsVisible = 0;
			defaultConfigurationName = Release;
		};
		84F6434822E4C09F00FBDECC /* Build configuration list for PBXNativeTarget "Learn Islam" */ = {
			isa = XCConfigurationList;
			buildConfigurations = (
				84F6434922E4C09F00FBDECC /* Debug */,
				84F6434A22E4C09F00FBDECC /* Release */,
			);
			defaultConfigurationIsVisible = 0;
		};
		84F6434B22E4C09F00FBDECC /* Build configuration list for PBXNativeTarget "Learn IslamTests" */ = {
			isa = XCConfigurationList;
			buildConfigurations = (
				84F6434C22E4C09F00FBDECC /* Debug */,
				84F6434D22E4C09F00FBDECC /* Release */,
			);
			defaultConfigurationIsVisible = 0;
		};
		84F6434E22E4C09F00FBDECC /* Build configuration list for PBXNativeTarget "Learn IslamUITests" */ = {
			isa = XCConfigurationList;
			buildConfigurations = (
				84F6434F22E4C09F00FBDECC /* Debug */,
				84F6435022E4C09F00FBDECC /* Release */,
			);
			defaultConfigurationIsVisible = 0;
		};
/* End XCConfigurationList section */
	};
	rootObject = 84F6431822E4C09F00FBDECC /* Project object */;
}
